
Microsoft Visual Studio Solution File, Format Version 12.00
# Visual Studio 15
Project("{FAE04EC0-301F-11D3-BF4B-00C04F79EFBC}") = "Assembly-CSharp", "Assembly-CSharp.csproj", "{94D1331F-E9C0-3435-511F-8A7D16AD93F8}"
EndProject
Project("{FAE04EC0-301F-11D3-BF4B-00C04F79EFBC}") = "Assembly-CSharp-Editor", "Assembly-CSharp-Editor.csproj", "{AC17CF5F-793B-8950-C192-464BAE2DE8E3}"
EndProject
Project("{FAE04EC0-301F-11D3-BF4B-00C04F79EFBC}") = "Assembly-CSharp", "Assembly-CSharp.Player.csproj", "{754791CA-37F8-51C1-0C4D-A08464F53ED5}"
EndProject
Global
	GlobalSection(SolutionConfigurationPlatforms) = preSolution
		Debug|Any CPU = Debug|Any CPU
		Release|Any CPU = Release|Any CPU
	EndGlobalSection
	GlobalSection(ProjectConfigurationPlatforms) = postSolution
		{94D1331F-E9C0-3435-511F-8A7D16AD93F8}.Debug|Any CPU.ActiveCfg = Debug|Any CPU
		{94D1331F-E9C0-3435-511F-8A7D16AD93F8}.Debug|Any CPU.Build.0 = Debug|Any CPU
		{94D1331F-E9C0-3435-511F-8A7D16AD93F8}.Release|Any CPU.ActiveCfg = Release|Any CPU
		{94D1331F-E9C0-3435-511F-8A7D16AD93F8}.Release|Any CPU.Build.0 = Release|Any CPU
		{AC17CF5F-793B-8950-C192-464BAE2DE8E3}.Debug|Any CPU.ActiveCfg = Debug|Any CPU
		{AC17CF5F-793B-8950-C192-464BAE2DE8E3}.Debug|Any CPU.Build.0 = Debug|Any CPU
		{AC17CF5F-793B-8950-C192-464BAE2DE8E3}.Release|Any CPU.ActiveCfg = Release|Any CPU
		{AC17CF5F-793B-8950-C192-464BAE2DE8E3}.Release|Any CPU.Build.0 = Release|Any CPU
		{754791CA-37F8-51C1-0C4D-A08464F53ED5}.Debug|Any CPU.ActiveCfg = Debug|Any CPU
		{754791CA-37F8-51C1-0C4D-A08464F53ED5}.Debug|Any CPU.Build.0 = Debug|Any CPU
		{754791CA-37F8-51C1-0C4D-A08464F53ED5}.Release|Any CPU.ActiveCfg = Release|Any CPU
		{754791CA-37F8-51C1-0C4D-A08464F53ED5}.Release|Any CPU.Build.0 = Release|Any CPU
	EndGlobalSection
	GlobalSection(SolutionProperties) = preSolution
		HideSolutionNode = FALSE
	EndGlobalSection
EndGlobal
